
Microsoft Visual Studio Solution File, Format Version 12.00
# Visual Studio 15
VisualStudioVersion = 15.0.26124.0
MinimumVisualStudioVersion = 15.0.26124.0
Project("{FAE04EC0-301F-11D3-BF4B-00C04F79EFBC}") = "USB.NET", "USB.NET\USB.NET.csproj", "{E6931613-4336-451D-B472-DB816279D14F}"
EndProject
Project("{FAE04EC0-301F-11D3-BF4B-00C04F79EFBC}") = "Native", "Native\Native.csproj", "{375090FA-5328-4F97-A84A-B95E80B9019F}"
EndProject
Project("{FAE04EC0-301F-11D3-BF4B-00C04F79EFBC}") = "USB.NET.Tests", "USB.NET.Tests\USB.NET.Tests.csproj", "{5FBEAC48-4176-402C-B437-6EDEBC865FE7}"
EndProject
Global
	GlobalSection(SolutionConfigurationPlatforms) = preSolution
		Debug|Any CPU = Debug|Any CPU
		Debug|x64 = Debug|x64
		Debug|x86 = Debug|x86
		Release|Any CPU = Release|Any CPU
		Release|x64 = Release|x64
		Release|x86 = Release|x86
	EndGlobalSection
	GlobalSection(SolutionProperties) = preSolution
		HideSolutionNode = FALSE
	EndGlobalSection
	GlobalSection(ProjectConfigurationPlatforms) = postSolution
		{E6931613-4336-451D-B472-DB816279D14F}.Debug|Any CPU.ActiveCfg = Debug|Any CPU
		{E6931613-4336-451D-B472-DB816279D14F}.Debug|Any CPU.Build.0 = Debug|Any CPU
		{E6931613-4336-451D-B472-DB816279D14F}.Debug|x64.ActiveCfg = Debug|Any CPU
		{E6931613-4336-451D-B472-DB816279D14F}.Debug|x64.Build.0 = Debug|Any CPU
		{E6931613-4336-451D-B472-DB816279D14F}.Debug|x86.ActiveCfg = Debug|Any CPU
		{E6931613-4336-451D-B472-DB816279D14F}.Debug|x86.Build.0 = Debug|Any CPU
		{E6931613-4336-451D-B472-DB816279D14F}.Release|Any CPU.ActiveCfg = Release|Any CPU
		{E6931613-4336-451D-B472-DB816279D14F}.Release|Any CPU.Build.0 = Release|Any CPU
		{E6931613-4336-451D-B472-DB816279D14F}.Release|x64.ActiveCfg = Release|Any CPU
		{E6931613-4336-451D-B472-DB816279D14F}.Release|x64.Build.0 = Release|Any CPU
		{E6931613-4336-451D-B472-DB816279D14F}.Release|x86.ActiveCfg = Release|Any CPU
		{E6931613-4336-451D-B472-DB816279D14F}.Release|x86.Build.0 = Release|Any CPU
		{375090FA-5328-4F97-A84A-B95E80B9019F}.Debug|Any CPU.ActiveCfg = Debug|Any CPU
		{375090FA-5328-4F97-A84A-B95E80B9019F}.Debug|Any CPU.Build.0 = Debug|Any CPU
		{375090FA-5328-4F97-A84A-B95E80B9019F}.Debug|x64.ActiveCfg = Debug|Any CPU
		{375090FA-5328-4F97-A84A-B95E80B9019F}.Debug|x64.Build.0 = Debug|Any CPU
		{375090FA-5328-4F97-A84A-B95E80B9019F}.Debug|x86.ActiveCfg = Debug|Any CPU
		{375090FA-5328-4F97-A84A-B95E80B9019F}.Debug|x86.Build.0 = Debug|Any CPU
		{375090FA-5328-4F97-A84A-B95E80B9019F}.Release|Any CPU.ActiveCfg = Release|Any CPU
		{375090FA-5328-4F97-A84A-B95E80B9019F}.Release|Any CPU.Build.0 = Release|Any CPU
		{375090FA-5328-4F97-A84A-B95E80B9019F}.Release|x64.ActiveCfg = Release|Any CPU
		{375090FA-5328-4F97-A84A-B95E80B9019F}.Release|x64.Build.0 = Release|Any CPU
		{375090FA-5328-4F97-A84A-B95E80B9019F}.Release|x86.ActiveCfg = Release|Any CPU
		{375090FA-5328-4F97-A84A-B95E80B9019F}.Release|x86.Build.0 = Release|Any CPU
		{5FBEAC48-4176-402C-B437-6EDEBC865FE7}.Debug|Any CPU.ActiveCfg = Debug|Any CPU
		{5FBEAC48-4176-402C-B437-6EDEBC865FE7}.Debug|Any CPU.Build.0 = Debug|Any CPU
		{5FBEAC48-4176-402C-B437-6EDEBC865FE7}.Debug|x64.ActiveCfg = Debug|Any CPU
		{5FBEAC48-4176-402C-B437-6EDEBC865FE7}.Debug|x64.Build.0 = Debug|Any CPU
		{5FBEAC48-4176-402C-B437-6EDEBC865FE7}.Debug|x86.ActiveCfg = Debug|Any CPU
		{5FBEAC48-4176-402C-B437-6EDEBC865FE7}.Debug|x86.Build.0 = Debug|Any CPU
		{5FBEAC48-4176-402C-B437-6EDEBC865FE7}.Release|Any CPU.ActiveCfg = Release|Any CPU
		{5FBEAC48-4176-402C-B437-6EDEBC865FE7}.Release|Any CPU.Build.0 = Release|Any CPU
		{5FBEAC48-4176-402C-B437-6EDEBC865FE7}.Release|x64.ActiveCfg = Release|Any CPU
		{5FBEAC48-4176-402C-B437-6EDEBC865FE7}.Release|x64.Build.0 = Release|Any CPU
		{5FBEAC48-4176-402C-B437-6EDEBC865FE7}.Release|x86.ActiveCfg = Release|Any CPU
		{5FBEAC48-4176-402C-B437-6EDEBC865FE7}.Release|x86.Build.0 = Release|Any CPU
	EndGlobalSection
EndGlobal
